
Microsoft Visual Studio Solution File, Format Version 12.00
# Visual Studio 15
VisualStudioVersion = 15.0.26124.0
MinimumVisualStudioVersion = 15.0.26124.0
Project("{FAE04EC0-301F-11D3-BF4B-00C04F79EFBC}") = "TestCommon", "..\TestCommon\TestCommon.csproj", "{1D227BA5-BE64-4B00-ABD9-DE71A6830028}"
EndProject
Project("{FAE04EC0-301F-11D3-BF4B-00C04F79EFBC}") = "A9", "A9\A9.csproj", "{40F8884A-41D1-40C4-8566-9C588B72AD36}"
EndProject
Project("{FAE04EC0-301F-11D3-BF4B-00C04F79EFBC}") = "A9.Tests", "A9.Tests\A9.Tests.csproj", "{BFE738A0-7348-42CF-89DE-EDA067A8772C}"
EndProject
Global
	GlobalSection(SolutionConfigurationPlatforms) = preSolution
		Debug|Any CPU = Debug|Any CPU
		Debug|x64 = Debug|x64
		Debug|x86 = Debug|x86
		Release|Any CPU = Release|Any CPU
		Release|x64 = Release|x64
		Release|x86 = Release|x86
	EndGlobalSection
	GlobalSection(SolutionProperties) = preSolution
		HideSolutionNode = FALSE
	EndGlobalSection
	GlobalSection(ProjectConfigurationPlatforms) = postSolution
		{1D227BA5-BE64-4B00-ABD9-DE71A6830028}.Debug|Any CPU.ActiveCfg = Debug|Any CPU
		{1D227BA5-BE64-4B00-ABD9-DE71A6830028}.Debug|Any CPU.Build.0 = Debug|Any CPU
		{1D227BA5-BE64-4B00-ABD9-DE71A6830028}.Debug|x64.ActiveCfg = Debug|Any CPU
		{1D227BA5-BE64-4B00-ABD9-DE71A6830028}.Debug|x64.Build.0 = Debug|Any CPU
		{1D227BA5-BE64-4B00-ABD9-DE71A6830028}.Debug|x86.ActiveCfg = Debug|Any CPU
		{1D227BA5-BE64-4B00-ABD9-DE71A6830028}.Debug|x86.Build.0 = Debug|Any CPU
		{1D227BA5-BE64-4B00-ABD9-DE71A6830028}.Release|Any CPU.ActiveCfg = Release|Any CPU
		{1D227BA5-BE64-4B00-ABD9-DE71A6830028}.Release|Any CPU.Build.0 = Release|Any CPU
		{1D227BA5-BE64-4B00-ABD9-DE71A6830028}.Release|x64.ActiveCfg = Release|Any CPU
		{1D227BA5-BE64-4B00-ABD9-DE71A6830028}.Release|x64.Build.0 = Release|Any CPU
		{1D227BA5-BE64-4B00-ABD9-DE71A6830028}.Release|x86.ActiveCfg = Release|Any CPU
		{1D227BA5-BE64-4B00-ABD9-DE71A6830028}.Release|x86.Build.0 = Release|Any CPU
		{40F8884A-41D1-40C4-8566-9C588B72AD36}.Debug|Any CPU.ActiveCfg = Debug|Any CPU
		{40F8884A-41D1-40C4-8566-9C588B72AD36}.Debug|Any CPU.Build.0 = Debug|Any CPU
		{40F8884A-41D1-40C4-8566-9C588B72AD36}.Debug|x64.ActiveCfg = Debug|Any CPU
		{40F8884A-41D1-40C4-8566-9C588B72AD36}.Debug|x64.Build.0 = Debug|Any CPU
		{40F8884A-41D1-40C4-8566-9C588B72AD36}.Debug|x86.ActiveCfg = Debug|Any CPU
		{40F8884A-41D1-40C4-8566-9C588B72AD36}.Debug|x86.Build.0 = Debug|Any CPU
		{40F8884A-41D1-40C4-8566-9C588B72AD36}.Release|Any CPU.ActiveCfg = Release|Any CPU
		{40F8884A-41D1-40C4-8566-9C588B72AD36}.Release|Any CPU.Build.0 = Release|Any CPU
		{40F8884A-41D1-40C4-8566-9C588B72AD36}.Release|x64.ActiveCfg = Release|Any CPU
		{40F8884A-41D1-40C4-8566-9C588B72AD36}.Release|x64.Build.0 = Release|Any CPU
		{40F8884A-41D1-40C4-8566-9C588B72AD36}.Release|x86.ActiveCfg = Release|Any CPU
		{40F8884A-41D1-40C4-8566-9C588B72AD36}.Release|x86.Build.0 = Release|Any CPU
		{BFE738A0-7348-42CF-89DE-EDA067A8772C}.Debug|Any CPU.ActiveCfg = Debug|Any CPU
		{BFE738A0-7348-42CF-89DE-EDA067A8772C}.Debug|Any CPU.Build.0 = Debug|Any CPU
		{BFE738A0-7348-42CF-89DE-EDA067A8772C}.Debug|x64.ActiveCfg = Debug|Any CPU
		{BFE738A0-7348-42CF-89DE-EDA067A8772C}.Debug|x64.Build.0 = Debug|Any CPU
		{BFE738A0-7348-42CF-89DE-EDA067A8772C}.Debug|x86.ActiveCfg = Debug|Any CPU
		{BFE738A0-7348-42CF-89DE-EDA067A8772C}.Debug|x86.Build.0 = Debug|Any CPU
		{BFE738A0-7348-42CF-89DE-EDA067A8772C}.Release|Any CPU.ActiveCfg = Release|Any CPU
		{BFE738A0-7348-42CF-89DE-EDA067A8772C}.Release|Any CPU.Build.0 = Release|Any CPU
		{BFE738A0-7348-42CF-89DE-EDA067A8772C}.Release|x64.ActiveCfg = Release|Any CPU
		{BFE738A0-7348-42CF-89DE-EDA067A8772C}.Release|x64.Build.0 = Release|Any CPU
		{BFE738A0-7348-42CF-89DE-EDA067A8772C}.Release|x86.ActiveCfg = Release|Any CPU
		{BFE738A0-7348-42CF-89DE-EDA067A8772C}.Release|x86.Build.0 = Release|Any CPU
	EndGlobalSection
EndGlobal
