
Microsoft Visual Studio Solution File, Format Version 12.00
# Visual Studio 15
VisualStudioVersion = 15.0.26124.0
MinimumVisualStudioVersion = 15.0.26124.0
Project("{FAE04EC0-301F-11D3-BF4B-00C04F79EFBC}") = "TestCommon", "..\TestCommon\TestCommon.csproj", "{7D212A1C-7674-4482-A4DB-97DD4EC1D929}"
EndProject
Project("{FAE04EC0-301F-11D3-BF4B-00C04F79EFBC}") = "A7", "A7\A7.csproj", "{6F67204B-7F11-4F81-9927-FC0978E2AF04}"
EndProject
Project("{FAE04EC0-301F-11D3-BF4B-00C04F79EFBC}") = "A7.Tests", "A7.Tests\A7.Tests.csproj", "{E7012A89-2423-4697-9AD1-7EB5EE94C167}"
EndProject
Global
	GlobalSection(SolutionConfigurationPlatforms) = preSolution
		Debug|Any CPU = Debug|Any CPU
		Debug|x64 = Debug|x64
		Debug|x86 = Debug|x86
		Release|Any CPU = Release|Any CPU
		Release|x64 = Release|x64
		Release|x86 = Release|x86
	EndGlobalSection
	GlobalSection(SolutionProperties) = preSolution
		HideSolutionNode = FALSE
	EndGlobalSection
	GlobalSection(ProjectConfigurationPlatforms) = postSolution
		{7D212A1C-7674-4482-A4DB-97DD4EC1D929}.Debug|Any CPU.ActiveCfg = Debug|Any CPU
		{7D212A1C-7674-4482-A4DB-97DD4EC1D929}.Debug|Any CPU.Build.0 = Debug|Any CPU
		{7D212A1C-7674-4482-A4DB-97DD4EC1D929}.Debug|x64.ActiveCfg = Debug|Any CPU
		{7D212A1C-7674-4482-A4DB-97DD4EC1D929}.Debug|x64.Build.0 = Debug|Any CPU
		{7D212A1C-7674-4482-A4DB-97DD4EC1D929}.Debug|x86.ActiveCfg = Debug|Any CPU
		{7D212A1C-7674-4482-A4DB-97DD4EC1D929}.Debug|x86.Build.0 = Debug|Any CPU
		{7D212A1C-7674-4482-A4DB-97DD4EC1D929}.Release|Any CPU.ActiveCfg = Release|Any CPU
		{7D212A1C-7674-4482-A4DB-97DD4EC1D929}.Release|Any CPU.Build.0 = Release|Any CPU
		{7D212A1C-7674-4482-A4DB-97DD4EC1D929}.Release|x64.ActiveCfg = Release|Any CPU
		{7D212A1C-7674-4482-A4DB-97DD4EC1D929}.Release|x64.Build.0 = Release|Any CPU
		{7D212A1C-7674-4482-A4DB-97DD4EC1D929}.Release|x86.ActiveCfg = Release|Any CPU
		{7D212A1C-7674-4482-A4DB-97DD4EC1D929}.Release|x86.Build.0 = Release|Any CPU
		{6F67204B-7F11-4F81-9927-FC0978E2AF04}.Debug|Any CPU.ActiveCfg = Debug|Any CPU
		{6F67204B-7F11-4F81-9927-FC0978E2AF04}.Debug|Any CPU.Build.0 = Debug|Any CPU
		{6F67204B-7F11-4F81-9927-FC0978E2AF04}.Debug|x64.ActiveCfg = Debug|Any CPU
		{6F67204B-7F11-4F81-9927-FC0978E2AF04}.Debug|x64.Build.0 = Debug|Any CPU
		{6F67204B-7F11-4F81-9927-FC0978E2AF04}.Debug|x86.ActiveCfg = Debug|Any CPU
		{6F67204B-7F11-4F81-9927-FC0978E2AF04}.Debug|x86.Build.0 = Debug|Any CPU
		{6F67204B-7F11-4F81-9927-FC0978E2AF04}.Release|Any CPU.ActiveCfg = Release|Any CPU
		{6F67204B-7F11-4F81-9927-FC0978E2AF04}.Release|Any CPU.Build.0 = Release|Any CPU
		{6F67204B-7F11-4F81-9927-FC0978E2AF04}.Release|x64.ActiveCfg = Release|Any CPU
		{6F67204B-7F11-4F81-9927-FC0978E2AF04}.Release|x64.Build.0 = Release|Any CPU
		{6F67204B-7F11-4F81-9927-FC0978E2AF04}.Release|x86.ActiveCfg = Release|Any CPU
		{6F67204B-7F11-4F81-9927-FC0978E2AF04}.Release|x86.Build.0 = Release|Any CPU
		{E7012A89-2423-4697-9AD1-7EB5EE94C167}.Debug|Any CPU.ActiveCfg = Debug|Any CPU
		{E7012A89-2423-4697-9AD1-7EB5EE94C167}.Debug|Any CPU.Build.0 = Debug|Any CPU
		{E7012A89-2423-4697-9AD1-7EB5EE94C167}.Debug|x64.ActiveCfg = Debug|Any CPU
		{E7012A89-2423-4697-9AD1-7EB5EE94C167}.Debug|x64.Build.0 = Debug|Any CPU
		{E7012A89-2423-4697-9AD1-7EB5EE94C167}.Debug|x86.ActiveCfg = Debug|Any CPU
		{E7012A89-2423-4697-9AD1-7EB5EE94C167}.Debug|x86.Build.0 = Debug|Any CPU
		{E7012A89-2423-4697-9AD1-7EB5EE94C167}.Release|Any CPU.ActiveCfg = Release|Any CPU
		{E7012A89-2423-4697-9AD1-7EB5EE94C167}.Release|Any CPU.Build.0 = Release|Any CPU
		{E7012A89-2423-4697-9AD1-7EB5EE94C167}.Release|x64.ActiveCfg = Release|Any CPU
		{E7012A89-2423-4697-9AD1-7EB5EE94C167}.Release|x64.Build.0 = Release|Any CPU
		{E7012A89-2423-4697-9AD1-7EB5EE94C167}.Release|x86.ActiveCfg = Release|Any CPU
		{E7012A89-2423-4697-9AD1-7EB5EE94C167}.Release|x86.Build.0 = Release|Any CPU
	EndGlobalSection
EndGlobal
