
Microsoft Visual Studio Solution File, Format Version 12.00
# Visual Studio 15
VisualStudioVersion = 15.0.26124.0
MinimumVisualStudioVersion = 15.0.26124.0
Project("{FAE04EC0-301F-11D3-BF4B-00C04F79EFBC}") = "TestCommon", "..\TestCommon\TestCommon.csproj", "{A9DD7EC3-46C5-41FD-9851-0206AAF521F5}"
EndProject
Project("{FAE04EC0-301F-11D3-BF4B-00C04F79EFBC}") = "A8", "A8\A8.csproj", "{F74A8509-A55F-4CA5-822D-90E577F3A781}"
EndProject
Project("{FAE04EC0-301F-11D3-BF4B-00C04F79EFBC}") = "A8.Tests", "A8.Tests\A8.Tests.csproj", "{F0295797-D90F-41F0-A6BD-41BBC85B8411}"
EndProject
Global
	GlobalSection(SolutionConfigurationPlatforms) = preSolution
		Debug|Any CPU = Debug|Any CPU
		Debug|x64 = Debug|x64
		Debug|x86 = Debug|x86
		Release|Any CPU = Release|Any CPU
		Release|x64 = Release|x64
		Release|x86 = Release|x86
	EndGlobalSection
	GlobalSection(SolutionProperties) = preSolution
		HideSolutionNode = FALSE
	EndGlobalSection
	GlobalSection(ProjectConfigurationPlatforms) = postSolution
		{A9DD7EC3-46C5-41FD-9851-0206AAF521F5}.Debug|Any CPU.ActiveCfg = Debug|Any CPU
		{A9DD7EC3-46C5-41FD-9851-0206AAF521F5}.Debug|Any CPU.Build.0 = Debug|Any CPU
		{A9DD7EC3-46C5-41FD-9851-0206AAF521F5}.Debug|x64.ActiveCfg = Debug|Any CPU
		{A9DD7EC3-46C5-41FD-9851-0206AAF521F5}.Debug|x64.Build.0 = Debug|Any CPU
		{A9DD7EC3-46C5-41FD-9851-0206AAF521F5}.Debug|x86.ActiveCfg = Debug|Any CPU
		{A9DD7EC3-46C5-41FD-9851-0206AAF521F5}.Debug|x86.Build.0 = Debug|Any CPU
		{A9DD7EC3-46C5-41FD-9851-0206AAF521F5}.Release|Any CPU.ActiveCfg = Release|Any CPU
		{A9DD7EC3-46C5-41FD-9851-0206AAF521F5}.Release|Any CPU.Build.0 = Release|Any CPU
		{A9DD7EC3-46C5-41FD-9851-0206AAF521F5}.Release|x64.ActiveCfg = Release|Any CPU
		{A9DD7EC3-46C5-41FD-9851-0206AAF521F5}.Release|x64.Build.0 = Release|Any CPU
		{A9DD7EC3-46C5-41FD-9851-0206AAF521F5}.Release|x86.ActiveCfg = Release|Any CPU
		{A9DD7EC3-46C5-41FD-9851-0206AAF521F5}.Release|x86.Build.0 = Release|Any CPU
		{F74A8509-A55F-4CA5-822D-90E577F3A781}.Debug|Any CPU.ActiveCfg = Debug|Any CPU
		{F74A8509-A55F-4CA5-822D-90E577F3A781}.Debug|Any CPU.Build.0 = Debug|Any CPU
		{F74A8509-A55F-4CA5-822D-90E577F3A781}.Debug|x64.ActiveCfg = Debug|Any CPU
		{F74A8509-A55F-4CA5-822D-90E577F3A781}.Debug|x64.Build.0 = Debug|Any CPU
		{F74A8509-A55F-4CA5-822D-90E577F3A781}.Debug|x86.ActiveCfg = Debug|Any CPU
		{F74A8509-A55F-4CA5-822D-90E577F3A781}.Debug|x86.Build.0 = Debug|Any CPU
		{F74A8509-A55F-4CA5-822D-90E577F3A781}.Release|Any CPU.ActiveCfg = Release|Any CPU
		{F74A8509-A55F-4CA5-822D-90E577F3A781}.Release|Any CPU.Build.0 = Release|Any CPU
		{F74A8509-A55F-4CA5-822D-90E577F3A781}.Release|x64.ActiveCfg = Release|Any CPU
		{F74A8509-A55F-4CA5-822D-90E577F3A781}.Release|x64.Build.0 = Release|Any CPU
		{F74A8509-A55F-4CA5-822D-90E577F3A781}.Release|x86.ActiveCfg = Release|Any CPU
		{F74A8509-A55F-4CA5-822D-90E577F3A781}.Release|x86.Build.0 = Release|Any CPU
		{F0295797-D90F-41F0-A6BD-41BBC85B8411}.Debug|Any CPU.ActiveCfg = Debug|Any CPU
		{F0295797-D90F-41F0-A6BD-41BBC85B8411}.Debug|Any CPU.Build.0 = Debug|Any CPU
		{F0295797-D90F-41F0-A6BD-41BBC85B8411}.Debug|x64.ActiveCfg = Debug|Any CPU
		{F0295797-D90F-41F0-A6BD-41BBC85B8411}.Debug|x64.Build.0 = Debug|Any CPU
		{F0295797-D90F-41F0-A6BD-41BBC85B8411}.Debug|x86.ActiveCfg = Debug|Any CPU
		{F0295797-D90F-41F0-A6BD-41BBC85B8411}.Debug|x86.Build.0 = Debug|Any CPU
		{F0295797-D90F-41F0-A6BD-41BBC85B8411}.Release|Any CPU.ActiveCfg = Release|Any CPU
		{F0295797-D90F-41F0-A6BD-41BBC85B8411}.Release|Any CPU.Build.0 = Release|Any CPU
		{F0295797-D90F-41F0-A6BD-41BBC85B8411}.Release|x64.ActiveCfg = Release|Any CPU
		{F0295797-D90F-41F0-A6BD-41BBC85B8411}.Release|x64.Build.0 = Release|Any CPU
		{F0295797-D90F-41F0-A6BD-41BBC85B8411}.Release|x86.ActiveCfg = Release|Any CPU
		{F0295797-D90F-41F0-A6BD-41BBC85B8411}.Release|x86.Build.0 = Release|Any CPU
	EndGlobalSection
EndGlobal
